PODS:
  - Action (4.1.0):
    - RxCocoa (~> 5.0)
    - RxSwift (~> 5.0)
  - RxCocoa (5.1.1):
    - RxRelay (~> 5)
    - RxSwift (~> 5)
  - RxRelay (5.1.1):
    - RxSwift (~> 5)
  - RxSwift (5.1.1)
  - Toast-Swift (5.0.1)

DEPENDENCIES:
  - Action
  - RxCocoa (~> 5)
  - RxSwift (~> 5)
  - Toast-Swift (~> 5.0.1)

SPEC REPOS:
  trunk:
    - Action
    - RxCocoa
    - RxRelay
    - RxSwift
    - Toast-Swift

SPEC CHECKSUMS:
  Action: 79e6c5dc91e13eea045ab6744b3e5609086671aa
  RxCocoa: 32065309a38d29b5b0db858819b5bf9ef038b601
  RxRelay: d77f7d771495f43c556cbc43eebd1bb54d01e8e9
  RxSwift: 81470a2074fa8780320ea5fe4102807cb7118178
  Toast-Swift: 9b6a70f28b3bf0b96c40d46c0c4b9d6639846711

PODFILE CHECKSUM: 97542ab232d73d120f55614f2787bd6a0a401e25

COCOAPODS: 1.8.4
